{
  "name": "demo",
  "lockfileVersion": 2,
  "requires": true,
  "packages": {
    "": {
      "dependencies": {
        "v-clipboard": "^2.2.3",
        "vue-codemirror-lite": "^1.0.4"
      }
    },
    "node_modules/codemirror": {
      "version": "5.65.9",
      "resolved": "https://registry.npmjs.org/codemirror/-/codemirror-5.65.9.tgz",
      "integrity": "sha512-19Jox5sAKpusTDgqgKB5dawPpQcY+ipQK7xoEI+MVucEF9qqFaXpeqY1KaoyGBso/wHQoDa4HMMxMjdsS3Zzzw=="
    },
    "node_modules/v-clipboard": {
      "version": "2.2.3",
      "resolved": "https://registry.npmjs.org/v-clipboard/-/v-clipboard-2.2.3.tgz",
      "integrity": "sha512-Wg+ObZoYK6McHb5OOCFWvm0R7xHp0/p0G1ocx/8bO22jvA/yVY05rADbfiztwCokXBNfQuGv/XSd1ozcTFgekw=="
    },
    "node_modules/vue-codemirror-lite": {
      "version": "1.0.4",
      "resolved": "https://registry.npmjs.org/vue-codemirror-lite/-/vue-codemirror-lite-1.0.4.tgz",
      "integrity": "sha512-p9199uCWgJwkMEfr89vHRbhiYEg+w0NmucqOGt/o3XuR1LeEVmY0uSsBPvrBzVG5dqjaGPSAkEEePnc0Wtpb/w==",
      "dependencies": {
        "codemirror": "^5.22.0"
      }
    }
  },
  "dependencies": {
    "codemirror": {
      "version": "5.65.9",
      "resolved": "https://registry.npmjs.org/codemirror/-/codemirror-5.65.9.tgz",
      "integrity": "sha512-19Jox5sAKpusTDgqgKB5dawPpQcY+ipQK7xoEI+MVucEF9qqFaXpeqY1KaoyGBso/wHQoDa4HMMxMjdsS3Zzzw=="
    },
    "v-clipboard": {
      "version": "2.2.3",
      "resolved": "https://registry.npmjs.org/v-clipboard/-/v-clipboard-2.2.3.tgz",
      "integrity": "sha512-Wg+ObZoYK6McHb5OOCFWvm0R7xHp0/p0G1ocx/8bO22jvA/yVY05rADbfiztwCokXBNfQuGv/XSd1ozcTFgekw=="
    },
    "vue-codemirror-lite": {
      "version": "1.0.4",
      "resolved": "https://registry.npmjs.org/vue-codemirror-lite/-/vue-codemirror-lite-1.0.4.tgz",
      "integrity": "sha512-p9199uCWgJwkMEfr89vHRbhiYEg+w0NmucqOGt/o3XuR1LeEVmY0uSsBPvrBzVG5dqjaGPSAkEEePnc0Wtpb/w==",
      "requires": {
        "codemirror": "^5.22.0"
      }
    }
  }
}
